<Solution>
  <Project Path="InterviewPrep.Application/InterviewPrep.Application.csproj" />
  <Project Path="InterviewPrep.Domain/InterviewPrep.Domain.csproj" />
  <Project Path="InterviewPrep.Infrastructure/InterviewPrep.Infrastructure.csproj" />
  <Project Path="InterviewPrep.WebUI/InterviewPrep.WebUI.csproj" />
  <Project Path="InterviewPrep/InterviewPrep.csproj" />
  <Project Path="tests/InterviewPrep.Tests/InterviewPrep.Tests.csproj" />
</Solution>
